Microsoft Visual Studio Solution File, Format Version 11.00
# Visual Studio 2008

Project("{84AC13A9-6969-67DC-4DCE-46369E37E3D7}") = "Bomber", "Assembly-CSharp-vs.csproj", "{4EA5136C-03FE-CFA8-8B60-EF569E5A3CDA}"
EndProject
Project("{84AC13A9-6969-67DC-4DCE-46369E37E3D7}") = "Bomber", "Assembly-CSharp-Editor-vs.csproj", "{66BB7C6E-9123-95B9-C4D9-6960326AC275}"
EndProject
Global
	GlobalSection(SolutionConfigurationPlatforms) = preSolution
		Debug|Any CPU = Debug|Any CPU
		Release|Any CPU = Release|Any CPU
	EndGlobalSection
	GlobalSection(ProjectConfigurationPlatforms) = postSolution
		{4EA5136C-03FE-CFA8-8B60-EF569E5A3CDA}.Debug|Any CPU.ActiveCfg = Debug|Any CPU
		{4EA5136C-03FE-CFA8-8B60-EF569E5A3CDA}.Debug|Any CPU.Build.0 = Debug|Any CPU
		{4EA5136C-03FE-CFA8-8B60-EF569E5A3CDA}.Release|Any CPU.ActiveCfg = Release|Any CPU
		{4EA5136C-03FE-CFA8-8B60-EF569E5A3CDA}.Release|Any CPU.Build.0 = Release|Any CPU
		{66BB7C6E-9123-95B9-C4D9-6960326AC275}.Debug|Any CPU.ActiveCfg = Debug|Any CPU
		{66BB7C6E-9123-95B9-C4D9-6960326AC275}.Debug|Any CPU.Build.0 = Debug|Any CPU
		{66BB7C6E-9123-95B9-C4D9-6960326AC275}.Release|Any CPU.ActiveCfg = Release|Any CPU
		{66BB7C6E-9123-95B9-C4D9-6960326AC275}.Release|Any CPU.Build.0 = Release|Any CPU
	EndGlobalSection
	GlobalSection(SolutionProperties) = preSolution
		HideSolutionNode = FALSE
	EndGlobalSection
																																																	GlobalSection(MonoDevelopProperties) = preSolution
		StartupItem = Assembly-CSharp.csproj
		Policies = $0
		$0.TextStylePolicy = $1
		$1.FileWidth = 120
		$1.TabsToSpaces = False
		$1.EolMarker = Unix
		$1.inheritsSet = VisualStudio
		$1.inheritsScope = text/plain
		$1.scope = text/x-csharp
		$0.CSharpFormattingPolicy = $2
		$2.IndentSwitchBody = True
		$2.BeforeMethodDeclarationParentheses = False
		$2.BeforeMethodCallParentheses = False
		$2.BeforeConstructorDeclarationParentheses = False
		$2.BeforeDelegateDeclarationParentheses = False
		$2.NewParentheses = False
		$2.inheritsSet = Mono
		$2.inheritsScope = text/x-csharp
		$2.scope = text/x-csharp
		$0.TextStylePolicy = $3
		$3.FileWidth = 120
		$3.TabWidth = 4
		$3.EolMarker = Unix
		$3.inheritsSet = Mono
		$3.inheritsScope = text/plain
		$3.scope = text/plain
	EndGlobalSection

EndGlobal
